// !$*UTF8*$!
{
	archiveVersion = 1;
	classes = {
	};
	objectVersion = 46;
	objects = {

/* Begin PBXBuildFile section */
		202B36CA1DE82C6200B6699D /* main.m in Sources */ = {isa = PBXBuildFile; fileRef = 202B36C91DE82C6200B6699D /* main.m */; };
		202B36CD1DE82C6200B6699D /* AppDelegate.m in Sources */ = {isa = PBXBuildFile; fileRef = 202B36CC1DE82C6200B6699D /* AppDelegate.m */; };
		202B36D01DE82C6200B6699D /* ViewController.m in Sources */ = {isa = PBXBuildFile; fileRef = 202B36CF1DE82C6200B6699D /* ViewController.m */; };
		202B36D31DE82C6200B6699D /* Main.storyboard in Resources */ = {isa = PBXBuildFile; fileRef = 202B36D11DE82C6200B6699D /* Main.storyboard */; };
		202B36D51DE82C6300B6699D /* Assets.xcassets in Resources */ = {isa = PBXBuildFile; fileRef = 202B36D41DE82C6300B6699D /* Assets.xcassets */; };
		202B36D81DE82C6300B6699D /* LaunchScreen.storyboard in Resources */ = {isa = PBXBuildFile; fileRef = 202B36D61DE82C6300B6699D /* LaunchScreen.storyboard */; };
		202B36E11DE82C9A00B6699D /* XCCatgoryViewController.m in Sources */ = {isa = PBXBuildFile; fileRef = 202B36E01DE82C9A00B6699D /* XCCatgoryViewController.m */; };
		202B36E41DE82CC900B6699D /* XCSubCatgoryViewController.m in Sources */ = {isa = PBXBuildFile; fileRef = 202B36E31DE82CC900B6699D /* XCSubCatgoryViewController.m */; };
		202B36E71DE82DD700B6699D /* XCCatgoryItem.m in Sources */ = {isa = PBXBuildFile; fileRef = 202B36E61DE82DD700B6699D /* XCCatgoryItem.m */; };
		202B36E91DE82DF200B6699D /* categories.plist in Resources */ = {isa = PBXBuildFile; fileRef = 202B36E81DE82DF200B6699D /* categories.plist */; };
/* End PBXBuildFile section */

/* Begin PBXFileReference section */
		202B36C51DE82C6200B6699D /* 二级联动菜单双控制器版本.app */ = {isa = PBXFileReference; explicitFileType = wrapper.application; includeInIndex = 0; path = "二级联动菜单双控制器版本.app"; sourceTree = BUILT_PRODUCTS_DIR; };
		202B36C91DE82C6200B6699D /* main.m */ = {isa = PBXFileReference; lastKnownFileType = sourcecode.c.objc; path = main.m; sourceTree = "<group>"; };
		202B36CB1DE82C6200B6699D /* AppDelegate.h */ = {isa = PBXFileReference; lastKnownFileType = sourcecode.c.h; path = AppDelegate.h; sourceTree = "<group>"; };
		202B36CC1DE82C6200B6699D /* AppDelegate.m */ = {isa = PBXFileReference; lastKnownFileType = sourcecode.c.objc; path = AppDelegate.m; sourceTree = "<group>"; };
		202B36CE1DE82C6200B6699D /* ViewController.h */ = {isa = PBXFileReference; lastKnownFileType = sourcecode.c.h; path = ViewController.h; sourceTree = "<group>"; };
		202B36CF1DE82C6200B6699D /* ViewController.m */ = {isa = PBXFileReference; lastKnownFileType = sourcecode.c.objc; path = ViewController.m; sourceTree = "<group>"; };
		202B36D21DE82C6200B6699D /* Base */ = {isa = PBXFileReference; lastKnownFileType = file.storyboard; name = Base; path = Base.lproj/Main.storyboard; sourceTree = "<group>"; };
		202B36D41DE82C6300B6699D /* Assets.xcassets */ = {isa = PBXFileReference; lastKnownFileType = folder.assetcatalog; path = Assets.xcassets; sourceTree = "<group>"; };
		202B36D71DE82C6300B6699D /* Base */ = {isa = PBXFileReference; lastKnownFileType = file.storyboard; name = Base; path = Base.lproj/LaunchScreen.storyboard; sourceTree = "<group>"; };
		202B36D91DE82C6300B6699D /* Info.plist */ = {isa = PBXFileReference; lastKnownFileType = text.plist.xml; path = Info.plist; sourceTree = "<group>"; };
		202B36DF1DE82C9A00B6699D /* XCCatgoryViewController.h */ = {isa = PBXFileReference; fileEncoding = 4; lastKnownFileType = sourcecode.c.h; path = XCCatgoryViewController.h; sourceTree = "<group>"; };
		202B36E01DE82C9A00B6699D /* XCCatgoryViewController.m */ = {isa = PBXFileReference; fileEncoding = 4; lastKnownFileType = sourcecode.c.objc; path = XCCatgoryViewController.m; sourceTree = "<group>"; };
		202B36E21DE82CC900B6699D /* XCSubCatgoryViewController.h */ = {isa = PBXFileReference; fileEncoding = 4; lastKnownFileType = sourcecode.c.h; path = XCSubCatgoryViewController.h; sourceTree = "<group>"; };
		202B36E31DE82CC900B6699D /* XCSubCatgoryViewController.m */ = {isa = PBXFileReference; fileEncoding = 4; lastKnownFileType = sourcecode.c.objc; path = XCSubCatgoryViewController.m; sourceTree = "<group>"; };
		202B36E51DE82DD700B6699D /* XCCatgoryItem.h */ = {isa = PBXFileReference; fileEncoding = 4; lastKnownFileType = sourcecode.c.h; path = XCCatgoryItem.h; sourceTree = "<group>"; };
		202B36E61DE82DD700B6699D /* XCCatgoryItem.m */ = {isa = PBXFileReference; fileEncoding = 4; lastKnownFileType = sourcecode.c.objc; path = XCCatgoryItem.m; sourceTree = "<group>"; };
		202B36E81DE82DF200B6699D /* categories.plist */ = {isa = PBXFileReference; fileEncoding = 4; lastKnownFileType = text.plist.xml; path = categories.plist; sourceTree = "<group>"; };
/* End PBXFileReference section */

/* Begin PBXFrameworksBuildPhase section */
		202B36C21DE82C6200B6699D /* Frameworks */ = {
			isa = PBXFrameworksBuildPhase;
			buildActionMask = 2147483647;
			files = (
			);
			runOnlyForDeploymentPostprocessing = 0;
		};
/* End PBXFrameworksBuildPhase section */

/* Begin PBXGroup section */
		202B36BC1DE82C6200B6699D = {
			isa = PBXGroup;
			children = (
				202B36C71DE82C6200B6699D /* 二级联动菜单双控制器版本 */,
				202B36C61DE82C6200B6699D /* Products */,
			);
			sourceTree = "<group>";
		};
		202B36C61DE82C6200B6699D /* Products */ = {
			isa = PBXGroup;
			children = (
				202B36C51DE82C6200B6699D /* 二级联动菜单双控制器版本.app */,
			);
			name = Products;
			sourceTree = "<group>";
		};
		202B36C71DE82C6200B6699D /* 二级联动菜单双控制器版本 */ = {
			isa = PBXGroup;
			children = (
				202B36CB1DE82C6200B6699D /* AppDelegate.h */,
				202B36CC1DE82C6200B6699D /* AppDelegate.m */,
				202B36CE1DE82C6200B6699D /* ViewController.h */,
				202B36CF1DE82C6200B6699D /* ViewController.m */,
				202B36D11DE82C6200B6699D /* Main.storyboard */,
				202B36D41DE82C6300B6699D /* Assets.xcassets */,
				202B36D61DE82C6300B6699D /* LaunchScreen.storyboard */,
				202B36D91DE82C6300B6699D /* Info.plist */,
				202B36C81DE82C6200B6699D /* Supporting Files */,
			);
			path = "二级联动菜单双控制器版本";
			sourceTree = "<group>";
		};
		202B36C81DE82C6200B6699D /* Supporting Files */ = {
			isa = PBXGroup;
			children = (
				202B36E81DE82DF200B6699D /* categories.plist */,
				202B36DF1DE82C9A00B6699D /* XCCatgoryViewController.h */,
				202B36E01DE82C9A00B6699D /* XCCatgoryViewController.m */,
				202B36E21DE82CC900B6699D /* XCSubCatgoryViewController.h */,
				202B36E31DE82CC900B6699D /* XCSubCatgoryViewController.m */,
				202B36C91DE82C6200B6699D /* main.m */,
				202B36E51DE82DD700B6699D /* XCCatgoryItem.h */,
				202B36E61DE82DD700B6699D /* XCCatgoryItem.m */,
			);
			name = "Supporting Files";
			sourceTree = "<group>";
		};
/* End PBXGroup section */

/* Begin PBXNativeTarget section */
		202B36C41DE82C6200B6699D /* 二级联动菜单双控制器版本 */ = {
			isa = PBXNativeTarget;
			buildConfigurationList = 202B36DC1DE82C6300B6699D /* Build configuration list for PBXNativeTarget "二级联动菜单双控制器版本" */;
			buildPhases = (
				202B36C11DE82C6200B6699D /* Sources */,
				202B36C21DE82C6200B6699D /* Frameworks */,
				202B36C31DE82C6200B6699D /* Resources */,
			);
			buildRules = (
			);
			dependencies = (
			);
			name = "二级联动菜单双控制器版本";
			productName = "二级联动菜单双控制器版本";
			productReference = 202B36C51DE82C6200B6699D /* 二级联动菜单双控制器版本.app */;
			productType = "com.apple.product-type.application";
		};
/* End PBXNativeTarget section */

/* Begin PBXProject section */
		202B36BD1DE82C6200B6699D /* Project object */ = {
			isa = PBXProject;
			attributes = {
				LastUpgradeCheck = 0730;
				ORGANIZATIONNAME = Liuxingchen;
				TargetAttributes = {
					202B36C41DE82C6200B6699D = {
						CreatedOnToolsVersion = 7.3.1;
					};
				};
			};
			buildConfigurationList = 202B36C01DE82C6200B6699D /* Build configuration list for PBXProject "二级联动菜单双控制器版本" */;
			compatibilityVersion = "Xcode 3.2";
			developmentRegion = English;
			hasScannedForEncodings = 0;
			knownRegions = (
				en,
				Base,
			);
			mainGroup = 202B36BC1DE82C6200B6699D;
			productRefGroup = 202B36C61DE82C6200B6699D /* Products */;
			projectDirPath = "";
			projectRoot = "";
			targets = (
				202B36C41DE82C6200B6699D /* 二级联动菜单双控制器版本 */,
			);
		};
/* End PBXProject section */

/* Begin PBXResourcesBuildPhase section */
		202B36C31DE82C6200B6699D /* Resources */ = {
			isa = PBXResourcesBuildPhase;
			buildActionMask = 2147483647;
			files = (
				202B36E91DE82DF200B6699D /* categories.plist in Resources */,
				202B36D81DE82C6300B6699D /* LaunchScreen.storyboard in Resources */,
				202B36D51DE82C6300B6699D /* Assets.xcassets in Resources */,
				202B36D31DE82C6200B6699D /* Main.storyboard in Resources */,
			);
			runOnlyForDeploymentPostprocessing = 0;
		};
/* End PBXResourcesBuildPhase section */

/* Begin PBXSourcesBuildPhase section */
		202B36C11DE82C6200B6699D /* Sources */ = {
			isa = PBXSourcesBuildPhase;
			buildActionMask = 2147483647;
			files = (
				202B36D01DE82C6200B6699D /* ViewController.m in Sources */,
				202B36E41DE82CC900B6699D /* XCSubCatgoryViewController.m in Sources */,
				202B36CD1DE82C6200B6699D /* AppDelegate.m in Sources */,
				202B36CA1DE82C6200B6699D /* main.m in Sources */,
				202B36E11DE82C9A00B6699D /* XCCatgoryViewController.m in Sources */,
				202B36E71DE82DD700B6699D /* XCCatgoryItem.m in Sources */,
			);
			runOnlyForDeploymentPostprocessing = 0;
		};
/* End PBXSourcesBuildPhase section */

/* Begin PBXVariantGroup section */
		202B36D11DE82C6200B6699D /* Main.storyboard */ = {
			isa = PBXVariantGroup;
			children = (
				202B36D21DE82C6200B6699D /* Base */,
			);
			name = Main.storyboard;
			sourceTree = "<group>";
		};
		202B36D61DE82C6300B6699D /* LaunchScreen.storyboard */ = {
			isa = PBXVariantGroup;
			children = (
				202B36D71DE82C6300B6699D /* Base */,
			);
			name = LaunchScreen.storyboard;
			sourceTree = "<group>";
		};
/* End PBXVariantGroup section */

/* Begin XCBuildConfiguration section */
		202B36DA1DE82C6300B6699D /* Debug */ = {
			isa = XCBuildConfiguration;
			buildSettings = {
				ALWAYS_SEARCH_USER_PATHS = NO;
				CLANG_ANALYZER_NONNULL = YES;
				CLANG_CXX_LANGUAGE_STANDARD = "gnu++0x";
				CLANG_CXX_LIBRARY = "libc++";
				CLANG_ENABLE_MODULES = YES;
				CLANG_ENABLE_OBJC_ARC = YES;
				CLANG_WARN_BOOL_CONVERSION = YES;
				CLANG_WARN_CONSTANT_CONVERSION = YES;
				CLANG_WARN_DIRECT_OBJC_ISA_USAGE = YES_ERROR;
				CLANG_WARN_EMPTY_BODY = YES;
				CLANG_WARN_ENUM_CONVERSION = YES;
				CLANG_WARN_INT_CONVERSION = YES;
				CLANG_WARN_OBJC_ROOT_CLASS = YES_ERROR;
				CLANG_WARN_UNREACHABLE_CODE = YES;
				CLANG_WARN__DUPLICATE_METHOD_MATCH = YES;
				"CODE_SIGN_IDENTITY[sdk=iphoneos*]" = "iPhone Developer";
				COPY_PHASE_STRIP = NO;
				DEBUG_INFORMATION_FORMAT = dwarf;
				ENABLE_STRICT_OBJC_MSGSEND = YES;
				ENABLE_TESTABILITY = YES;
				GCC_C_LANGUAGE_STANDARD = gnu99;
				GCC_DYNAMIC_NO_PIC = NO;
				GCC_NO_COMMON_BLOCKS = YES;
				GCC_OPTIMIZATION_LEVEL = 0;
				GCC_PREPROCESSOR_DEFINITIONS = (
					"DEBUG=1",
					"$(inherited)",
				);
				GCC_WARN_64_TO_32_BIT_CONVERSION = YES;
				GCC_WARN_ABOUT_RETURN_TYPE = YES_ERROR;
				GCC_WARN_UNDECLARED_SELECTOR = YES;
				GCC_WARN_UNINITIALIZED_AUTOS = YES_AGGRESSIVE;
				GCC_WARN_UNUSED_FUNCTION = YES;
				GCC_WARN_UNUSED_VARIABLE = YES;
				IPHONEOS_DEPLOYMENT_TARGET = 9.3;
				MTL_ENABLE_DEBUG_INFO = YES;
				ONLY_ACTIVE_ARCH = YES;
				SDKROOT = iphoneos;
			};
			name = Debug;
		};
		202B36DB1DE82C6300B6699D /* Release */ = {
			isa = XCBuildConfiguration;
			buildSettings = {
				ALWAYS_SEARCH_USER_PATHS = NO;
				CLANG_ANALYZER_NONNULL = YES;
				CLANG_CXX_LANGUAGE_STANDARD = "gnu++0x";
				CLANG_CXX_LIBRARY = "libc++";
				CLANG_ENABLE_MODULES = YES;
				CLANG_ENABLE_OBJC_ARC = YES;
				CLANG_WARN_BOOL_CONVERSION = YES;
				CLANG_WARN_CONSTANT_CONVERSION = YES;
				CLANG_WARN_DIRECT_OBJC_ISA_USAGE = YES_ERROR;
				CLANG_WARN_EMPTY_BODY = YES;
				CLANG_WARN_ENUM_CONVERSION = YES;
				CLANG_WARN_INT_CONVERSION = YES;
				CLANG_WARN_OBJC_ROOT_CLASS = YES_ERROR;
				CLANG_WARN_UNREACHABLE_CODE = YES;
				CLANG_WARN__DUPLICATE_METHOD_MATCH = YES;
				"CODE_SIGN_IDENTITY[sdk=iphoneos*]" = "iPhone Developer";
				COPY_PHASE_STRIP = NO;
				DEBUG_INFORMATION_FORMAT = "dwarf-with-dsym";
				ENABLE_NS_ASSERTIONS = NO;
				ENABLE_STRICT_OBJC_MSGSEND = YES;
				GCC_C_LANGUAGE_STANDARD = gnu99;
				GCC_NO_COMMON_BLOCKS = YES;
				GCC_WARN_64_TO_32_BIT_CONVERSION = YES;
				GCC_WARN_ABOUT_RETURN_TYPE = YES_ERROR;
				GCC_WARN_UNDECLARED_SELECTOR = YES;
				GCC_WARN_UNINITIALIZED_AUTOS = YES_AGGRESSIVE;
				GCC_WARN_UNUSED_FUNCTION = YES;
				GCC_WARN_UNUSED_VARIABLE = YES;
				IPHONEOS_DEPLOYMENT_TARGET = 9.3;
				MTL_ENABLE_DEBUG_INFO = NO;
				SDKROOT = iphoneos;
				VALIDATE_PRODUCT = YES;
			};
			name = Release;
		};
		202B36DD1DE82C6300B6699D /* Debug */ = {
			isa = XCBuildConfiguration;
			buildSettings = {
				ASSETCATALOG_COMPILER_APPICON_NAME = AppIcon;
				INFOPLIST_FILE = "二级联动菜单双控制器版本/Info.plist";
				LD_RUNPATH_SEARCH_PATHS = "$(inherited) @executable_path/Frameworks";
				PRODUCT_BUNDLE_IDENTIFIER = "net.intelet.------------";
				PRODUCT_NAME = "$(TARGET_NAME)";
			};
			name = Debug;
		};
		202B36DE1DE82C6300B6699D /* Release */ = {
			isa = XCBuildConfiguration;
			buildSettings = {
				ASSETCATALOG_COMPILER_APPICON_NAME = AppIcon;
				INFOPLIST_FILE = "二级联动菜单双控制器版本/Info.plist";
				LD_RUNPATH_SEARCH_PATHS = "$(inherited) @executable_path/Frameworks";
				PRODUCT_BUNDLE_IDENTIFIER = "net.intelet.------------";
				PRODUCT_NAME = "$(TARGET_NAME)";
			};
			name = Release;
		};
/* End XCBuildConfiguration section */

/* Begin XCConfigurationList section */
		202B36C01DE82C6200B6699D /* Build configuration list for PBXProject "二级联动菜单双控制器版本" */ = {
			isa = XCConfigurationList;
			buildConfigurations = (
				202B36DA1DE82C6300B6699D /* Debug */,
				202B36DB1DE82C6300B6699D /* Release */,
			);
			defaultConfigurationIsVisible = 0;
			defaultConfigurationName = Release;
		};
		202B36DC1DE82C6300B6699D /* Build configuration list for PBXNativeTarget "二级联动菜单双控制器版本" */ = {
			isa = XCConfigurationList;
			buildConfigurations = (
				202B36DD1DE82C6300B6699D /* Debug */,
				202B36DE1DE82C6300B6699D /* Release */,
			);
			defaultConfigurationIsVisible = 0;
		};
/* End XCConfigurationList section */
	};
	rootObject = 202B36BD1DE82C6200B6699D /* Project object */;
}
